
Microsoft Visual Studio Solution File, Format Version 12.00
# Visual Studio Version 16
VisualStudioVersion = 16.0.29806.167
MinimumVisualStudioVersion = 10.0.40219.1
Project("{9A19103F-16F7-4668-BE54-9A1E7A4F7556}") = "Api", "Api\Api.csproj", "{D29E2718-C251-40E4-92B3-1FA5E42F6368}"
EndProject
Project("{2150E333-8FDC-42A3-9474-1A3956D46DE8}") = "01. IDP", "01. IDP", "{93B9C784-5B3A-42A4-92F5-FB9FC1854713}"
EndProject
Project("{2150E333-8FDC-42A3-9474-1A3956D46DE8}") = "02. API", "02. API", "{D0E3E91A-FC1D-49A2-AA19-EADB08F70962}"
EndProject
Project("{2150E333-8FDC-42A3-9474-1A3956D46DE8}") = "03. Client", "03. Client", "{57DD684E-56F2-407F-856E-CEED97B6AA99}"
EndProject
Project("{9A19103F-16F7-4668-BE54-9A1E7A4F7556}") = "ClientConsole", "ClientConsole\ClientConsole.csproj", "{1F74AF22-711A-45F2-9877-5B6E164A096B}"
EndProject
Project("{9A19103F-16F7-4668-BE54-9A1E7A4F7556}") = "ClientMVC", "ClientMVC\ClientMVC.csproj", "{5F832550-1302-4209-BF8C-A0791C732009}"
EndProject
Project("{9A19103F-16F7-4668-BE54-9A1E7A4F7556}") = "ClientJavascript", "ClientJavascript\ClientJavascript.csproj", "{B537A6B6-3066-475B-B711-9CC369BD38C5}"
EndProject
Project("{9A19103F-16F7-4668-BE54-9A1E7A4F7556}") = "IdentityServerAspNetIdentity", "IdentityServerAspNetIdentity\IdentityServerAspNetIdentity.csproj", "{1E0164C5-FBA4-43E4-857A-1D895ACB484D}"
EndProject
Project("{FAE04EC0-301F-11D3-BF4B-00C04F79EFBC}") = "ConsoleTemp", "ConsoleTemp\ConsoleTemp.csproj", "{B47986FF-1A7F-4C06-83D3-AF87C501D75C}"
EndProject
Global
	GlobalSection(SolutionConfigurationPlatforms) = preSolution
		Debug|Any CPU = Debug|Any CPU
		Release|Any CPU = Release|Any CPU
	EndGlobalSection
	GlobalSection(ProjectConfigurationPlatforms) = postSolution
		{D29E2718-C251-40E4-92B3-1FA5E42F6368}.Debug|Any CPU.ActiveCfg = Debug|Any CPU
		{D29E2718-C251-40E4-92B3-1FA5E42F6368}.Debug|Any CPU.Build.0 = Debug|Any CPU
		{D29E2718-C251-40E4-92B3-1FA5E42F6368}.Release|Any CPU.ActiveCfg = Release|Any CPU
		{D29E2718-C251-40E4-92B3-1FA5E42F6368}.Release|Any CPU.Build.0 = Release|Any CPU
		{1F74AF22-711A-45F2-9877-5B6E164A096B}.Debug|Any CPU.ActiveCfg = Debug|Any CPU
		{1F74AF22-711A-45F2-9877-5B6E164A096B}.Debug|Any CPU.Build.0 = Debug|Any CPU
		{1F74AF22-711A-45F2-9877-5B6E164A096B}.Release|Any CPU.ActiveCfg = Release|Any CPU
		{1F74AF22-711A-45F2-9877-5B6E164A096B}.Release|Any CPU.Build.0 = Release|Any CPU
		{5F832550-1302-4209-BF8C-A0791C732009}.Debug|Any CPU.ActiveCfg = Debug|Any CPU
		{5F832550-1302-4209-BF8C-A0791C732009}.Debug|Any CPU.Build.0 = Debug|Any CPU
		{5F832550-1302-4209-BF8C-A0791C732009}.Release|Any CPU.ActiveCfg = Release|Any CPU
		{5F832550-1302-4209-BF8C-A0791C732009}.Release|Any CPU.Build.0 = Release|Any CPU
		{B537A6B6-3066-475B-B711-9CC369BD38C5}.Debug|Any CPU.ActiveCfg = Debug|Any CPU
		{B537A6B6-3066-475B-B711-9CC369BD38C5}.Debug|Any CPU.Build.0 = Debug|Any CPU
		{B537A6B6-3066-475B-B711-9CC369BD38C5}.Release|Any CPU.ActiveCfg = Release|Any CPU
		{B537A6B6-3066-475B-B711-9CC369BD38C5}.Release|Any CPU.Build.0 = Release|Any CPU
		{1E0164C5-FBA4-43E4-857A-1D895ACB484D}.Debug|Any CPU.ActiveCfg = Debug|Any CPU
		{1E0164C5-FBA4-43E4-857A-1D895ACB484D}.Debug|Any CPU.Build.0 = Debug|Any CPU
		{1E0164C5-FBA4-43E4-857A-1D895ACB484D}.Release|Any CPU.ActiveCfg = Release|Any CPU
		{1E0164C5-FBA4-43E4-857A-1D895ACB484D}.Release|Any CPU.Build.0 = Release|Any CPU
		{B47986FF-1A7F-4C06-83D3-AF87C501D75C}.Debug|Any CPU.ActiveCfg = Debug|Any CPU
		{B47986FF-1A7F-4C06-83D3-AF87C501D75C}.Debug|Any CPU.Build.0 = Debug|Any CPU
		{B47986FF-1A7F-4C06-83D3-AF87C501D75C}.Release|Any CPU.ActiveCfg = Release|Any CPU
		{B47986FF-1A7F-4C06-83D3-AF87C501D75C}.Release|Any CPU.Build.0 = Release|Any CPU
	EndGlobalSection
	GlobalSection(SolutionProperties) = preSolution
		HideSolutionNode = FALSE
	EndGlobalSection
	GlobalSection(NestedProjects) = preSolution
		{D29E2718-C251-40E4-92B3-1FA5E42F6368} = {D0E3E91A-FC1D-49A2-AA19-EADB08F70962}
		{1F74AF22-711A-45F2-9877-5B6E164A096B} = {57DD684E-56F2-407F-856E-CEED97B6AA99}
		{5F832550-1302-4209-BF8C-A0791C732009} = {57DD684E-56F2-407F-856E-CEED97B6AA99}
		{B537A6B6-3066-475B-B711-9CC369BD38C5} = {57DD684E-56F2-407F-856E-CEED97B6AA99}
		{1E0164C5-FBA4-43E4-857A-1D895ACB484D} = {93B9C784-5B3A-42A4-92F5-FB9FC1854713}
		{B47986FF-1A7F-4C06-83D3-AF87C501D75C} = {57DD684E-56F2-407F-856E-CEED97B6AA99}
	EndGlobalSection
	GlobalSection(ExtensibilityGlobals) = postSolution
		SolutionGuid = {8F8A2EB3-BBAB-4F28-8811-59E770B3E052}
	EndGlobalSection
EndGlobal
